PATH
  remote: /Users/staugaard/code/attachment_fu
  specs:
    attachment_fu (1.0.0)
      actionpack
      activerecord
      activesupport

GEM
  remote: http://rubygems.org/
  specs:
    actionpack (2.3.14)
      activesupport (= 2.3.14)
      rack (~> 1.1.0)
    activerecord (2.3.14)
      activesupport (= 2.3.14)
    activesupport (2.3.14)
    appraisal (0.5.2)
      bundler
      rake
    columnize (0.3.6)
    debugger (1.5.0)
      columnize (>= 0.3.1)
      debugger-linecache (~> 1.2.0)
      debugger-ruby_core_source (~> 1.2.0)
    debugger-linecache (1.2.0)
    debugger-ruby_core_source (1.2.0)
    linecache (0.46)
      rbx-require-relative (> 0.0.4)
    metaclass (0.0.1)
    mini_magick (3.5.0)
      subexec (~> 0.2.1)
    mocha (0.13.3)
      metaclass (~> 0.0.1)
    mysql (2.9.1)
    rack (1.1.6)
    rake (10.0.4)
    rbx-require-relative (0.0.9)
    ruby-debug (0.10.4)
      columnize (>= 0.1)
      ruby-debug-base (~> 0.10.4.0)
    ruby-debug-base (0.10.4)
      linecache (>= 0.3)
    subexec (0.2.3)

PLATFORMS
  ruby

DEPENDENCIES
  actionpack (= 2.3.14)
  activerecord (= 2.3.14)
  activesupport (= 2.3.14)
  appraisal
  attachment_fu!
  debugger
  mini_magick (~> 3.3)
  mocha
  mysql
  rake
  ruby-debug
